<?xml version="1.0" encoding="utf-8"?>
<Project ToolsVersion="4.0" xmlns="http://schemas.microsoft.com/developer/msbuild/2003">
  <ItemGroup>
    <Filter Include="Pliki źródłowe">
      <UniqueIdentifier>{4FC737F1-C7A5-4376-A066-2A32D752A2FF}</UniqueIdentifier>
      <Extensions>cpp;c;cc;cxx;c++;cppm;ixx;def;odl;idl;hpj;bat;asm;asmx</Extensions>
    </Filter>
    <Filter Include="Pliki nagłówkowe">
      <UniqueIdentifier>{93995380-89BD-4b04-88EB-625FBE52EBFB}</UniqueIdentifier>
      <Extensions>h;hh;hpp;hxx;h++;hm;inl;inc;ipp;xsd</Extensions>
    </Filter>
    <Filter Include="Pliki zasobów">
      <UniqueIdentifier>{67DA6AB6-F800-4c08-8B7A-83BB121AAD01}</UniqueIdentifier>
      <Extensions>rc;ico;cur;bmp;dlg;rc2;rct;bin;rgs;gif;jpg;jpeg;jpe;resx;tiff;tif;png;wav;mfcribbon-ms</Extensions>
    </Filter>
    <Filter Include="Pliki nagłówkowe\core">
      <UniqueIdentifier>{8179e0ef-25e8-4954-be61-a250bfd68ee8}</UniqueIdentifier>
    </Filter>
    <Filter Include="Pliki nagłówkowe\effects">
      <UniqueIdentifier>{8f9c41e9-5eb6-49d5-bb43-cbc60b841bc9}</UniqueIdentifier>
    </Filter>
    <Filter Include="Pliki źródłowe\core">
      <UniqueIdentifier>{c1545d7b-1a63-4d49-acf1-6c85b059a040}</UniqueIdentifier>
    </Filter>
    <Filter Include="Pliki źródłowe\effects">
      <UniqueIdentifier>{7131d106-92fe-41c0-8b10-d8a44ed2fa7c}</UniqueIdentifier>
    </Filter>
  </ItemGroup>
  <ItemGroup>
    <ClInclude Include="core\AudioEngine.h">
      <Filter>Pliki nagłówkowe\core</Filter>
    </ClInclude>
    <ClInclude Include="core\EventHandler.h">
      <Filter>Pliki nagłówkowe\core</Filter>
    </ClInclude>
    <ClInclude Include="core\Effect.h">
      <Filter>Pliki nagłówkowe\core</Filter>
    </ClInclude>
    <ClInclude Include="effects\Tremolo.h">
      <Filter>Pliki nagłówkowe\effects</Filter>
    </ClInclude>
    <ClInclude Include="effects\AutoWah.h">
      <Filter>Pliki nagłówkowe\effects</Filter>
    </ClInclude>
    <ClInclude Include="effects\Compressor.h">
      <Filter>Pliki nagłówkowe\effects</Filter>
    </ClInclude>
    <ClInclude Include="effects\Delay.h">
      <Filter>Pliki nagłówkowe\effects</Filter>
    </ClInclude>
    <ClInclude Include="effects\Equalizer.h">
      <Filter>Pliki nagłówkowe\effects</Filter>
    </ClInclude>
    <ClInclude Include="effects\Fuzz.h">
      <Filter>Pliki nagłówkowe\effects</Filter>
    </ClInclude>
    <ClInclude Include="effects\Harmonizer.h">
      <Filter>Pliki nagłówkowe\effects</Filter>
    </ClInclude>
    <ClInclude Include="effects\NoiseGate.h">
      <Filter>Pliki nagłówkowe\effects</Filter>
    </ClInclude>
    <ClInclude Include="effects\Rat.h">
      <Filter>Pliki nagłówkowe\effects</Filter>
    </ClInclude>
    <ClInclude Include="effects\Phaser.h">
      <Filter>Pliki nagłówkowe\effects</Filter>
    </ClInclude>
    <ClInclude Include="TubeScreamer.h">
      <Filter>Pliki nagłówkowe\effects</Filter>
    </ClInclude>
  </ItemGroup>
  <ItemGroup>
    <ClCompile Include="main.cpp">
      <Filter>Pliki źródłowe</Filter>
    </ClCompile>
    <ClCompile Include="core\AudioEngine.cpp">
      <Filter>Pliki źródłowe\core</Filter>
    </ClCompile>
    <ClCompile Include="core\Effect.cpp">
      <Filter>Pliki źródłowe\core</Filter>
    </ClCompile>
    <ClCompile Include="core\EventHandler.cpp">
      <Filter>Pliki źródłowe\core</Filter>
    </ClCompile>
    <ClCompile Include="effects\Fuzz.cpp">
      <Filter>Pliki źródłowe\effects</Filter>
    </ClCompile>
    <ClCompile Include="effects\Harmonizer.cpp">
      <Filter>Pliki źródłowe\effects</Filter>
    </ClCompile>
    <ClCompile Include="effects\NoiseGate.cpp">
      <Filter>Pliki źródłowe\effects</Filter>
    </ClCompile>
    <ClCompile Include="effects\Rat.cpp">
      <Filter>Pliki źródłowe\effects</Filter>
    </ClCompile>
    <ClCompile Include="effects\Phaser.cpp">
      <Filter>Pliki źródłowe\effects</Filter>
    </ClCompile>
    <ClCompile Include="effects\Tremolo.cpp">
      <Filter>Pliki źródłowe\effects</Filter>
    </ClCompile>
    <ClCompile Include="effects\Tuner.cpp">
      <Filter>Pliki źródłowe\effects</Filter>
    </ClCompile>
    <ClCompile Include="effects\AutoWah.cpp">
      <Filter>Pliki źródłowe\effects</Filter>
    </ClCompile>
    <ClCompile Include="effects\Compressor.cpp">
      <Filter>Pliki źródłowe\effects</Filter>
    </ClCompile>
    <ClCompile Include="effects\Delay.cpp">
      <Filter>Pliki źródłowe\effects</Filter>
    </ClCompile>
    <ClCompile Include="effects\Equalizer.cpp">
      <Filter>Pliki źródłowe\effects</Filter>
    </ClCompile>
    <ClCompile Include="effects\TubeScreamer.cpp">
      <Filter>Pliki źródłowe\effects</Filter>
    </ClCompile>
  </ItemGroup>
</Project>